
Microsoft Visual Studio Solution File, Format Version 12.00
# Visual Studio Version 17
VisualStudioVersion = 17.0.31903.59
MinimumVisualStudioVersion = 10.0.40219.1
Project("{2150E333-8FDC-42A3-9474-1A3956D46DE8}") = "src", "src", "{827E0CD3-B72D-47B6-A68D-7590B98EB39B}"
EndProject
Project("{9A19103F-16F7-4668-BE54-9A1E7A4F7556}") = "Api", "src\Api\Api.csproj", "{16AABEC5-4193-41FE-92FC-0C91C7BA5314}"
EndProject
Project("{9A19103F-16F7-4668-BE54-9A1E7A4F7556}") = "Application", "src\Application\Application.csproj", "{EC0DF487-5AF7-4669-89B7-EA32DB828EC1}"
EndProject
Project("{9A19103F-16F7-4668-BE54-9A1E7A4F7556}") = "Domain", "src\Domain\Domain.csproj", "{1C5D9383-8C9F-4DF5-AEA9-B8B4E486F8F5}"
EndProject
Project("{9A19103F-16F7-4668-BE54-9A1E7A4F7556}") = "Infrastructure", "src\Infrastructure\Infrastructure.csproj", "{6C0CEDB0-C266-44C8-BCD8-53D012A8307E}"
EndProject
Project("{2150E333-8FDC-42A3-9474-1A3956D46DE8}") = "tests", "tests", "{0AB3BF05-4346-4AA6-1389-037BE0695223}"
EndProject
Project("{FAE04EC0-301F-11D3-BF4B-00C04F79EFBC}") = "Domain.UnitTests", "tests\Domain.UnitTests\Domain.UnitTests.csproj", "{1DA68B81-C645-44F5-B6A5-37BE3F1CA41B}"
EndProject
Project("{FAE04EC0-301F-11D3-BF4B-00C04F79EFBC}") = "Api.IntegrationTests", "tests\Api.IntegrationTests\Api.IntegrationTests.csproj", "{14405E9C-3D6B-470C-BCC1-55B25F57C994}"
EndProject
Global
	GlobalSection(SolutionConfigurationPlatforms) = preSolution
		Debug|Any CPU = Debug|Any CPU
		Debug|x64 = Debug|x64
		Debug|x86 = Debug|x86
		Release|Any CPU = Release|Any CPU
		Release|x64 = Release|x64
		Release|x86 = Release|x86
	EndGlobalSection
	GlobalSection(ProjectConfigurationPlatforms) = postSolution
		{16AABEC5-4193-41FE-92FC-0C91C7BA5314}.Debug|Any CPU.ActiveCfg = Debug|Any CPU
		{16AABEC5-4193-41FE-92FC-0C91C7BA5314}.Debug|Any CPU.Build.0 = Debug|Any CPU
		{16AABEC5-4193-41FE-92FC-0C91C7BA5314}.Debug|x64.ActiveCfg = Debug|Any CPU
		{16AABEC5-4193-41FE-92FC-0C91C7BA5314}.Debug|x64.Build.0 = Debug|Any CPU
		{16AABEC5-4193-41FE-92FC-0C91C7BA5314}.Debug|x86.ActiveCfg = Debug|Any CPU
		{16AABEC5-4193-41FE-92FC-0C91C7BA5314}.Debug|x86.Build.0 = Debug|Any CPU
		{16AABEC5-4193-41FE-92FC-0C91C7BA5314}.Release|Any CPU.ActiveCfg = Release|Any CPU
		{16AABEC5-4193-41FE-92FC-0C91C7BA5314}.Release|Any CPU.Build.0 = Release|Any CPU
		{16AABEC5-4193-41FE-92FC-0C91C7BA5314}.Release|x64.ActiveCfg = Release|Any CPU
		{16AABEC5-4193-41FE-92FC-0C91C7BA5314}.Release|x64.Build.0 = Release|Any CPU
		{16AABEC5-4193-41FE-92FC-0C91C7BA5314}.Release|x86.ActiveCfg = Release|Any CPU
		{16AABEC5-4193-41FE-92FC-0C91C7BA5314}.Release|x86.Build.0 = Release|Any CPU
		{EC0DF487-5AF7-4669-89B7-EA32DB828EC1}.Debug|Any CPU.ActiveCfg = Debug|Any CPU
		{EC0DF487-5AF7-4669-89B7-EA32DB828EC1}.Debug|Any CPU.Build.0 = Debug|Any CPU
		{EC0DF487-5AF7-4669-89B7-EA32DB828EC1}.Debug|x64.ActiveCfg = Debug|Any CPU
		{EC0DF487-5AF7-4669-89B7-EA32DB828EC1}.Debug|x64.Build.0 = Debug|Any CPU
		{EC0DF487-5AF7-4669-89B7-EA32DB828EC1}.Debug|x86.ActiveCfg = Debug|Any CPU
		{EC0DF487-5AF7-4669-89B7-EA32DB828EC1}.Debug|x86.Build.0 = Debug|Any CPU
		{EC0DF487-5AF7-4669-89B7-EA32DB828EC1}.Release|Any CPU.ActiveCfg = Release|Any CPU
		{EC0DF487-5AF7-4669-89B7-EA32DB828EC1}.Release|Any CPU.Build.0 = Release|Any CPU
		{EC0DF487-5AF7-4669-89B7-EA32DB828EC1}.Release|x64.ActiveCfg = Release|Any CPU
		{EC0DF487-5AF7-4669-89B7-EA32DB828EC1}.Release|x64.Build.0 = Release|Any CPU
		{EC0DF487-5AF7-4669-89B7-EA32DB828EC1}.Release|x86.ActiveCfg = Release|Any CPU
		{EC0DF487-5AF7-4669-89B7-EA32DB828EC1}.Release|x86.Build.0 = Release|Any CPU
		{1C5D9383-8C9F-4DF5-AEA9-B8B4E486F8F5}.Debug|Any CPU.ActiveCfg = Debug|Any CPU
		{1C5D9383-8C9F-4DF5-AEA9-B8B4E486F8F5}.Debug|Any CPU.Build.0 = Debug|Any CPU
		{1C5D9383-8C9F-4DF5-AEA9-B8B4E486F8F5}.Debug|x64.ActiveCfg = Debug|Any CPU
		{1C5D9383-8C9F-4DF5-AEA9-B8B4E486F8F5}.Debug|x64.Build.0 = Debug|Any CPU
		{1C5D9383-8C9F-4DF5-AEA9-B8B4E486F8F5}.Debug|x86.ActiveCfg = Debug|Any CPU
		{1C5D9383-8C9F-4DF5-AEA9-B8B4E486F8F5}.Debug|x86.Build.0 = Debug|Any CPU
		{1C5D9383-8C9F-4DF5-AEA9-B8B4E486F8F5}.Release|Any CPU.ActiveCfg = Release|Any CPU
		{1C5D9383-8C9F-4DF5-AEA9-B8B4E486F8F5}.Release|Any CPU.Build.0 = Release|Any CPU
		{1C5D9383-8C9F-4DF5-AEA9-B8B4E486F8F5}.Release|x64.ActiveCfg = Release|Any CPU
		{1C5D9383-8C9F-4DF5-AEA9-B8B4E486F8F5}.Release|x64.Build.0 = Release|Any CPU
		{1C5D9383-8C9F-4DF5-AEA9-B8B4E486F8F5}.Release|x86.ActiveCfg = Release|Any CPU
		{1C5D9383-8C9F-4DF5-AEA9-B8B4E486F8F5}.Release|x86.Build.0 = Release|Any CPU
		{6C0CEDB0-C266-44C8-BCD8-53D012A8307E}.Debug|Any CPU.ActiveCfg = Debug|Any CPU
		{6C0CEDB0-C266-44C8-BCD8-53D012A8307E}.Debug|Any CPU.Build.0 = Debug|Any CPU
		{6C0CEDB0-C266-44C8-BCD8-53D012A8307E}.Debug|x64.ActiveCfg = Debug|Any CPU
		{6C0CEDB0-C266-44C8-BCD8-53D012A8307E}.Debug|x64.Build.0 = Debug|Any CPU
		{6C0CEDB0-C266-44C8-BCD8-53D012A8307E}.Debug|x86.ActiveCfg = Debug|Any CPU
		{6C0CEDB0-C266-44C8-BCD8-53D012A8307E}.Debug|x86.Build.0 = Debug|Any CPU
		{6C0CEDB0-C266-44C8-BCD8-53D012A8307E}.Release|Any CPU.ActiveCfg = Release|Any CPU
		{6C0CEDB0-C266-44C8-BCD8-53D012A8307E}.Release|Any CPU.Build.0 = Release|Any CPU
		{6C0CEDB0-C266-44C8-BCD8-53D012A8307E}.Release|x64.ActiveCfg = Release|Any CPU
		{6C0CEDB0-C266-44C8-BCD8-53D012A8307E}.Release|x64.Build.0 = Release|Any CPU
		{6C0CEDB0-C266-44C8-BCD8-53D012A8307E}.Release|x86.ActiveCfg = Release|Any CPU
		{6C0CEDB0-C266-44C8-BCD8-53D012A8307E}.Release|x86.Build.0 = Release|Any CPU
		{1DA68B81-C645-44F5-B6A5-37BE3F1CA41B}.Debug|Any CPU.ActiveCfg = Debug|Any CPU
		{1DA68B81-C645-44F5-B6A5-37BE3F1CA41B}.Debug|Any CPU.Build.0 = Debug|Any CPU
		{1DA68B81-C645-44F5-B6A5-37BE3F1CA41B}.Debug|x64.ActiveCfg = Debug|Any CPU
		{1DA68B81-C645-44F5-B6A5-37BE3F1CA41B}.Debug|x64.Build.0 = Debug|Any CPU
		{1DA68B81-C645-44F5-B6A5-37BE3F1CA41B}.Debug|x86.ActiveCfg = Debug|Any CPU
		{1DA68B81-C645-44F5-B6A5-37BE3F1CA41B}.Debug|x86.Build.0 = Debug|Any CPU
		{1DA68B81-C645-44F5-B6A5-37BE3F1CA41B}.Release|Any CPU.ActiveCfg = Release|Any CPU
		{1DA68B81-C645-44F5-B6A5-37BE3F1CA41B}.Release|Any CPU.Build.0 = Release|Any CPU
		{1DA68B81-C645-44F5-B6A5-37BE3F1CA41B}.Release|x64.ActiveCfg = Release|Any CPU
		{1DA68B81-C645-44F5-B6A5-37BE3F1CA41B}.Release|x64.Build.0 = Release|Any CPU
		{1DA68B81-C645-44F5-B6A5-37BE3F1CA41B}.Release|x86.ActiveCfg = Release|Any CPU
		{1DA68B81-C645-44F5-B6A5-37BE3F1CA41B}.Release|x86.Build.0 = Release|Any CPU
		{14405E9C-3D6B-470C-BCC1-55B25F57C994}.Debug|Any CPU.ActiveCfg = Debug|Any CPU
		{14405E9C-3D6B-470C-BCC1-55B25F57C994}.Debug|Any CPU.Build.0 = Debug|Any CPU
		{14405E9C-3D6B-470C-BCC1-55B25F57C994}.Debug|x64.ActiveCfg = Debug|Any CPU
		{14405E9C-3D6B-470C-BCC1-55B25F57C994}.Debug|x64.Build.0 = Debug|Any CPU
		{14405E9C-3D6B-470C-BCC1-55B25F57C994}.Debug|x86.ActiveCfg = Debug|Any CPU
		{14405E9C-3D6B-470C-BCC1-55B25F57C994}.Debug|x86.Build.0 = Debug|Any CPU
		{14405E9C-3D6B-470C-BCC1-55B25F57C994}.Release|Any CPU.ActiveCfg = Release|Any CPU
		{14405E9C-3D6B-470C-BCC1-55B25F57C994}.Release|Any CPU.Build.0 = Release|Any CPU
		{14405E9C-3D6B-470C-BCC1-55B25F57C994}.Release|x64.ActiveCfg = Release|Any CPU
		{14405E9C-3D6B-470C-BCC1-55B25F57C994}.Release|x64.Build.0 = Release|Any CPU
		{14405E9C-3D6B-470C-BCC1-55B25F57C994}.Release|x86.ActiveCfg = Release|Any CPU
		{14405E9C-3D6B-470C-BCC1-55B25F57C994}.Release|x86.Build.0 = Release|Any CPU
	EndGlobalSection
	GlobalSection(SolutionProperties) = preSolution
		HideSolutionNode = FALSE
	EndGlobalSection
	GlobalSection(NestedProjects) = preSolution
		{16AABEC5-4193-41FE-92FC-0C91C7BA5314} = {827E0CD3-B72D-47B6-A68D-7590B98EB39B}
		{EC0DF487-5AF7-4669-89B7-EA32DB828EC1} = {827E0CD3-B72D-47B6-A68D-7590B98EB39B}
		{1C5D9383-8C9F-4DF5-AEA9-B8B4E486F8F5} = {827E0CD3-B72D-47B6-A68D-7590B98EB39B}
		{6C0CEDB0-C266-44C8-BCD8-53D012A8307E} = {827E0CD3-B72D-47B6-A68D-7590B98EB39B}
		{1DA68B81-C645-44F5-B6A5-37BE3F1CA41B} = {0AB3BF05-4346-4AA6-1389-037BE0695223}
		{14405E9C-3D6B-470C-BCC1-55B25F57C994} = {0AB3BF05-4346-4AA6-1389-037BE0695223}
	EndGlobalSection
EndGlobal
